// !$*UTF8*$!
{
	archiveVersion = 1;
	classes = {
	};
	objectVersion = 56;
	objects = {

/* Begin PBXBuildFile section */
		DC8259402C3ABD2E0080D980 /* Shaders.metal in Sources */ = {isa = PBXBuildFile; fileRef = DC82593F2C3ABD2E0080D980 /* Shaders.metal */; };
		DC8259442C3AD0300080D980 /* Help.swift in Sources */ = {isa = PBXBuildFile; fileRef = DC8259432C3AD0300080D980 /* Help.swift */; };
		DC8259462C3B65F90080D980 /* Filter.swift in Sources */ = {isa = PBXBuildFile; fileRef = DC8259452C3B65F90080D980 /* Filter.swift */; };
		DC8259482C3ED1B70080D980 /* FilterChain.swift in Sources */ = {isa = PBXBuildFile; fileRef = DC8259472C3ED1B70080D980 /* FilterChain.swift */; };
		DC82594A2C3ED2490080D980 /* BrightnessFilter.swift in Sources */ = {isa = PBXBuildFile; fileRef = DC8259492C3ED2490080D980 /* BrightnessFilter.swift */; };
		DC82594C2C3ED4730080D980 /* AveragingGrayFilter.swift in Sources */ = {isa = PBXBuildFile; fileRef = DC82594B2C3ED4730080D980 /* AveragingGrayFilter.swift */; };
		DC82594E2C3ED49A0080D980 /* LuminanceGrayFilter.swift in Sources */ = {isa = PBXBuildFile; fileRef = DC82594D2C3ED49A0080D980 /* LuminanceGrayFilter.swift */; };
		DC8259502C3ED4B70080D980 /* DesaturationGrayFilter.swift in Sources */ = {isa = PBXBuildFile; fileRef = DC82594F2C3ED4B70080D980 /* DesaturationGrayFilter.swift */; };
		DC8259522C3ED5E20080D980 /* MouseTrackingView.swift in Sources */ = {isa = PBXBuildFile; fileRef = DC8259512C3ED5E20080D980 /* MouseTrackingView.swift */; };
		DC8259542C3ED7750080D980 /* FilterClient.swift in Sources */ = {isa = PBXBuildFile; fileRef = DC8259532C3ED7750080D980 /* FilterClient.swift */; };
		DC8259562C4514830080D980 /* SaturationFilter.swift in Sources */ = {isa = PBXBuildFile; fileRef = DC8259552C4514830080D980 /* SaturationFilter.swift */; };
		DCFB3CD42C383924008B4F54 /* ImageFilterApp.swift in Sources */ = {isa = PBXBuildFile; fileRef = DCFB3CD32C383924008B4F54 /* ImageFilterApp.swift */; };
		DCFB3CD62C383924008B4F54 /* ContentView.swift in Sources */ = {isa = PBXBuildFile; fileRef = DCFB3CD52C383924008B4F54 /* ContentView.swift */; };
		DCFB3CD82C383925008B4F54 /* Assets.xcassets in Resources */ = {isa = PBXBuildFile; fileRef = DCFB3CD72C383925008B4F54 /* Assets.xcassets */; };
		DCFB3CDB2C383925008B4F54 /* Preview Assets.xcassets in Resources */ = {isa = PBXBuildFile; fileRef = DCFB3CDA2C383925008B4F54 /* Preview Assets.xcassets */; };
		DCFB3CE42C384CA4008B4F54 /* ImagePixelReader.swift in Sources */ = {isa = PBXBuildFile; fileRef = DCFB3CE32C384CA4008B4F54 /* ImagePixelReader.swift */; };
/* End PBXBuildFile section */

/* Begin PBXFileReference section */
		DC82593F2C3ABD2E0080D980 /* Shaders.metal */ = {isa = PBXFileReference; lastKnownFileType = sourcecode.metal; path = Shaders.metal; sourceTree = "<group>"; };
		DC8259432C3AD0300080D980 /* Help.swift */ = {isa = PBXFileReference; lastKnownFileType = sourcecode.swift; path = Help.swift; sourceTree = "<group>"; };
		DC8259452C3B65F90080D980 /* Filter.swift */ = {isa = PBXFileReference; lastKnownFileType = sourcecode.swift; path = Filter.swift; sourceTree = "<group>"; };
		DC8259472C3ED1B70080D980 /* FilterChain.swift */ = {isa = PBXFileReference; lastKnownFileType = sourcecode.swift; path = FilterChain.swift; sourceTree = "<group>"; };
		DC8259492C3ED2490080D980 /* BrightnessFilter.swift */ = {isa = PBXFileReference; lastKnownFileType = sourcecode.swift; path = BrightnessFilter.swift; sourceTree = "<group>"; };
		DC82594B2C3ED4730080D980 /* AveragingGrayFilter.swift */ = {isa = PBXFileReference; lastKnownFileType = sourcecode.swift; path = AveragingGrayFilter.swift; sourceTree = "<group>"; };
		DC82594D2C3ED49A0080D980 /* LuminanceGrayFilter.swift */ = {isa = PBXFileReference; lastKnownFileType = sourcecode.swift; path = LuminanceGrayFilter.swift; sourceTree = "<group>"; };
		DC82594F2C3ED4B70080D980 /* DesaturationGrayFilter.swift */ = {isa = PBXFileReference; lastKnownFileType = sourcecode.swift; path = DesaturationGrayFilter.swift; sourceTree = "<group>"; };
		DC8259512C3ED5E20080D980 /* MouseTrackingView.swift */ = {isa = PBXFileReference; lastKnownFileType = sourcecode.swift; path = MouseTrackingView.swift; sourceTree = "<group>"; };
		DC8259532C3ED7750080D980 /* FilterClient.swift */ = {isa = PBXFileReference; lastKnownFileType = sourcecode.swift; path = FilterClient.swift; sourceTree = "<group>"; };
		DC8259552C4514830080D980 /* SaturationFilter.swift */ = {isa = PBXFileReference; lastKnownFileType = sourcecode.swift; path = SaturationFilter.swift; sourceTree = "<group>"; };
		DCFB3CD02C383924008B4F54 /* ImageFilter.app */ = {isa = PBXFileReference; explicitFileType = wrapper.application; includeInIndex = 0; path = ImageFilter.app; sourceTree = BUILT_PRODUCTS_DIR; };
		DCFB3CD32C383924008B4F54 /* ImageFilterApp.swift */ = {isa = PBXFileReference; lastKnownFileType = sourcecode.swift; path = ImageFilterApp.swift; sourceTree = "<group>"; };
		DCFB3CD52C383924008B4F54 /* ContentView.swift */ = {isa = PBXFileReference; lastKnownFileType = sourcecode.swift; path = ContentView.swift; sourceTree = "<group>"; };
		DCFB3CD72C383925008B4F54 /* Assets.xcassets */ = {isa = PBXFileReference; lastKnownFileType = folder.assetcatalog; path = Assets.xcassets; sourceTree = "<group>"; };
		DCFB3CDA2C383925008B4F54 /* Preview Assets.xcassets */ = {isa = PBXFileReference; lastKnownFileType = folder.assetcatalog; path = "Preview Assets.xcassets"; sourceTree = "<group>"; };
		DCFB3CDC2C383925008B4F54 /* ImageFilter.entitlements */ = {isa = PBXFileReference; lastKnownFileType = text.plist.entitlements; path = ImageFilter.entitlements; sourceTree = "<group>"; };
		DCFB3CE32C384CA4008B4F54 /* ImagePixelReader.swift */ = {isa = PBXFileReference; lastKnownFileType = sourcecode.swift; path = ImagePixelReader.swift; sourceTree = "<group>"; };
/* End PBXFileReference section */

/* Begin PBXFrameworksBuildPhase section */
		DCFB3CCD2C383924008B4F54 /* Frameworks */ = {
			isa = PBXFrameworksBuildPhase;
			buildActionMask = 2147483647;
			files = (
			);
			runOnlyForDeploymentPostprocessing = 0;
		};
/* End PBXFrameworksBuildPhase section */

/* Begin PBXGroup section */
		DC8259572C45148B0080D980 /* subFilter */ = {
			isa = PBXGroup;
			children = (
				DC8259552C4514830080D980 /* SaturationFilter.swift */,
				DC8259492C3ED2490080D980 /* BrightnessFilter.swift */,
				DC82594B2C3ED4730080D980 /* AveragingGrayFilter.swift */,
				DC82594D2C3ED49A0080D980 /* LuminanceGrayFilter.swift */,
				DC82594F2C3ED4B70080D980 /* DesaturationGrayFilter.swift */,
			);
			path = subFilter;
			sourceTree = "<group>";
		};
		DCFB3CC72C383924008B4F54 = {
			isa = PBXGroup;
			children = (
				DCFB3CD22C383924008B4F54 /* ImageFilter */,
				DCFB3CD12C383924008B4F54 /* Products */,
			);
			sourceTree = "<group>";
		};
		DCFB3CD12C383924008B4F54 /* Products */ = {
			isa = PBXGroup;
			children = (
				DCFB3CD02C383924008B4F54 /* ImageFilter.app */,
			);
			name = Products;
			sourceTree = "<group>";
		};
		DCFB3CD22C383924008B4F54 /* ImageFilter */ = {
			isa = PBXGroup;
			children = (
				DCFB3CE22C383980008B4F54 /* filter */,
				DCFB3CD32C383924008B4F54 /* ImageFilterApp.swift */,
				DCFB3CD52C383924008B4F54 /* ContentView.swift */,
				DCFB3CD72C383925008B4F54 /* Assets.xcassets */,
				DCFB3CDC2C383925008B4F54 /* ImageFilter.entitlements */,
				DCFB3CD92C383925008B4F54 /* Preview Content */,
				DC8259432C3AD0300080D980 /* Help.swift */,
				DC8259512C3ED5E20080D980 /* MouseTrackingView.swift */,
			);
			path = ImageFilter;
			sourceTree = "<group>";
		};
		DCFB3CD92C383925008B4F54 /* Preview Content */ = {
			isa = PBXGroup;
			children = (
				DCFB3CDA2C383925008B4F54 /* Preview Assets.xcassets */,
			);
			path = "Preview Content";
			sourceTree = "<group>";
		};
		DCFB3CE22C383980008B4F54 /* filter */ = {
			isa = PBXGroup;
			children = (
				DC8259572C45148B0080D980 /* subFilter */,
				DCFB3CE32C384CA4008B4F54 /* ImagePixelReader.swift */,
				DC82593F2C3ABD2E0080D980 /* Shaders.metal */,
				DC8259452C3B65F90080D980 /* Filter.swift */,
				DC8259472C3ED1B70080D980 /* FilterChain.swift */,
				DC8259532C3ED7750080D980 /* FilterClient.swift */,
			);
			path = filter;
			sourceTree = "<group>";
		};
/* End PBXGroup section */

/* Begin PBXNativeTarget section */
		DCFB3CCF2C383924008B4F54 /* ImageFilter */ = {
			isa = PBXNativeTarget;
			buildConfigurationList = DCFB3CDF2C383925008B4F54 /* Build configuration list for PBXNativeTarget "ImageFilter" */;
			buildPhases = (
				DCFB3CCC2C383924008B4F54 /* Sources */,
				DCFB3CCD2C383924008B4F54 /* Frameworks */,
				DCFB3CCE2C383924008B4F54 /* Resources */,
			);
			buildRules = (
			);
			dependencies = (
			);
			name = ImageFilter;
			productName = ImageFilter;
			productReference = DCFB3CD02C383924008B4F54 /* ImageFilter.app */;
			productType = "com.apple.product-type.application";
		};
/* End PBXNativeTarget section */

/* Begin PBXProject section */
		DCFB3CC82C383924008B4F54 /* Project object */ = {
			isa = PBXProject;
			attributes = {
				BuildIndependentTargetsInParallel = 1;
				LastSwiftUpdateCheck = 1540;
				LastUpgradeCheck = 1540;
				TargetAttributes = {
					DCFB3CCF2C383924008B4F54 = {
						CreatedOnToolsVersion = 15.4;
					};
				};
			};
			buildConfigurationList = DCFB3CCB2C383924008B4F54 /* Build configuration list for PBXProject "ImageFilter" */;
			compatibilityVersion = "Xcode 14.0";
			developmentRegion = en;
			hasScannedForEncodings = 0;
			knownRegions = (
				en,
				Base,
			);
			mainGroup = DCFB3CC72C383924008B4F54;
			productRefGroup = DCFB3CD12C383924008B4F54 /* Products */;
			projectDirPath = "";
			projectRoot = "";
			targets = (
				DCFB3CCF2C383924008B4F54 /* ImageFilter */,
			);
		};
/* End PBXProject section */

/* Begin PBXResourcesBuildPhase section */
		DCFB3CCE2C383924008B4F54 /* Resources */ = {
			isa = PBXResourcesBuildPhase;
			buildActionMask = 2147483647;
			files = (
				DCFB3CDB2C383925008B4F54 /* Preview Assets.xcassets in Resources */,
				DCFB3CD82C383925008B4F54 /* Assets.xcassets in Resources */,
			);
			runOnlyForDeploymentPostprocessing = 0;
		};
/* End PBXResourcesBuildPhase section */

/* Begin PBXSourcesBuildPhase section */
		DCFB3CCC2C383924008B4F54 /* Sources */ = {
			isa = PBXSourcesBuildPhase;
			buildActionMask = 2147483647;
			files = (
				DC8259402C3ABD2E0080D980 /* Shaders.metal in Sources */,
				DC82594E2C3ED49A0080D980 /* LuminanceGrayFilter.swift in Sources */,
				DC8259542C3ED7750080D980 /* FilterClient.swift in Sources */,
				DC8259522C3ED5E20080D980 /* MouseTrackingView.swift in Sources */,
				DC82594C2C3ED4730080D980 /* AveragingGrayFilter.swift in Sources */,
				DCFB3CD62C383924008B4F54 /* ContentView.swift in Sources */,
				DC82594A2C3ED2490080D980 /* BrightnessFilter.swift in Sources */,
				DC8259462C3B65F90080D980 /* Filter.swift in Sources */,
				DC8259442C3AD0300080D980 /* Help.swift in Sources */,
				DC8259502C3ED4B70080D980 /* DesaturationGrayFilter.swift in Sources */,
				DCFB3CE42C384CA4008B4F54 /* ImagePixelReader.swift in Sources */,
				DC8259562C4514830080D980 /* SaturationFilter.swift in Sources */,
				DC8259482C3ED1B70080D980 /* FilterChain.swift in Sources */,
				DCFB3CD42C383924008B4F54 /* ImageFilterApp.swift in Sources */,
			);
			runOnlyForDeploymentPostprocessing = 0;
		};
/* End PBXSourcesBuildPhase section */

/* Begin XCBuildConfiguration section */
		DCFB3CDD2C383925008B4F54 /* Debug */ = {
			isa = XCBuildConfiguration;
			buildSettings = {
				ALWAYS_SEARCH_USER_PATHS = NO;
				ASSETCATALOG_COMPILER_GENERATE_SWIFT_ASSET_SYMBOL_EXTENSIONS = YES;
				CLANG_ANALYZER_NONNULL = YES;
				CLANG_ANALYZER_NUMBER_OBJECT_CONVERSION = YES_AGGRESSIVE;
				CLANG_CXX_LANGUAGE_STANDARD = "gnu++20";
				CLANG_ENABLE_MODULES = YES;
				CLANG_ENABLE_OBJC_ARC = YES;
				CLANG_ENABLE_OBJC_WEAK = YES;
				CLANG_WARN_BLOCK_CAPTURE_AUTORELEASING = YES;
				CLANG_WARN_BOOL_CONVERSION = YES;
				CLANG_WARN_COMMA = YES;
				CLANG_WARN_CONSTANT_CONVERSION = YES;
				CLANG_WARN_DEPRECATED_OBJC_IMPLEMENTATIONS = YES;
				CLANG_WARN_DIRECT_OBJC_ISA_USAGE = YES_ERROR;
				CLANG_WARN_DOCUMENTATION_COMMENTS = YES;
				CLANG_WARN_EMPTY_BODY = YES;
				CLANG_WARN_ENUM_CONVERSION = YES;
				CLANG_WARN_INFINITE_RECURSION = YES;
				CLANG_WARN_INT_CONVERSION = YES;
				CLANG_WARN_NON_LITERAL_NULL_CONVERSION = YES;
				CLANG_WARN_OBJC_IMPLICIT_RETAIN_SELF = YES;
				CLANG_WARN_OBJC_LITERAL_CONVERSION = YES;
				CLANG_WARN_OBJC_ROOT_CLASS = YES_ERROR;
				CLANG_WARN_QUOTED_INCLUDE_IN_FRAMEWORK_HEADER = YES;
				CLANG_WARN_RANGE_LOOP_ANALYSIS = YES;
				CLANG_WARN_STRICT_PROTOTYPES = YES;
				CLANG_WARN_SUSPICIOUS_MOVE = YES;
				CLANG_WARN_UNGUARDED_AVAILABILITY = YES_AGGRESSIVE;
				CLANG_WARN_UNREACHABLE_CODE = YES;
				CLANG_WARN__DUPLICATE_METHOD_MATCH = YES;
				COPY_PHASE_STRIP = NO;
				DEBUG_INFORMATION_FORMAT = dwarf;
				ENABLE_STRICT_OBJC_MSGSEND = YES;
				ENABLE_TESTABILITY = YES;
				ENABLE_USER_SCRIPT_SANDBOXING = YES;
				GCC_C_LANGUAGE_STANDARD = gnu17;
				GCC_DYNAMIC_NO_PIC = NO;
				GCC_NO_COMMON_BLOCKS = YES;
				GCC_OPTIMIZATION_LEVEL = 0;
				GCC_PREPROCESSOR_DEFINITIONS = (
					"DEBUG=1",
					"$(inherited)",
				);
				GCC_WARN_64_TO_32_BIT_CONVERSION = YES;
				GCC_WARN_ABOUT_RETURN_TYPE = YES_ERROR;
				GCC_WARN_UNDECLARED_SELECTOR = YES;
				GCC_WARN_UNINITIALIZED_AUTOS = YES_AGGRESSIVE;
				GCC_WARN_UNUSED_FUNCTION = YES;
				GCC_WARN_UNUSED_VARIABLE = YES;
				LOCALIZATION_PREFERS_STRING_CATALOGS = YES;
				MACOSX_DEPLOYMENT_TARGET = 14.5;
				MTL_ENABLE_DEBUG_INFO = INCLUDE_SOURCE;
				MTL_FAST_MATH = YES;
				ONLY_ACTIVE_ARCH = YES;
				SDKROOT = macosx;
				SWIFT_ACTIVE_COMPILATION_CONDITIONS = "DEBUG $(inherited)";
				SWIFT_OPTIMIZATION_LEVEL = "-Onone";
			};
			name = Debug;
		};
		DCFB3CDE2C383925008B4F54 /* Release */ = {
			isa = XCBuildConfiguration;
			buildSettings = {
				ALWAYS_SEARCH_USER_PATHS = NO;
				ASSETCATALOG_COMPILER_GENERATE_SWIFT_ASSET_SYMBOL_EXTENSIONS = YES;
				CLANG_ANALYZER_NONNULL = YES;
				CLANG_ANALYZER_NUMBER_OBJECT_CONVERSION = YES_AGGRESSIVE;
				CLANG_CXX_LANGUAGE_STANDARD = "gnu++20";
				CLANG_ENABLE_MODULES = YES;
				CLANG_ENABLE_OBJC_ARC = YES;
				CLANG_ENABLE_OBJC_WEAK = YES;
				CLANG_WARN_BLOCK_CAPTURE_AUTORELEASING = YES;
				CLANG_WARN_BOOL_CONVERSION = YES;
				CLANG_WARN_COMMA = YES;
				CLANG_WARN_CONSTANT_CONVERSION = YES;
				CLANG_WARN_DEPRECATED_OBJC_IMPLEMENTATIONS = YES;
				CLANG_WARN_DIRECT_OBJC_ISA_USAGE = YES_ERROR;
				CLANG_WARN_DOCUMENTATION_COMMENTS = YES;
				CLANG_WARN_EMPTY_BODY = YES;
				CLANG_WARN_ENUM_CONVERSION = YES;
				CLANG_WARN_INFINITE_RECURSION = YES;
				CLANG_WARN_INT_CONVERSION = YES;
				CLANG_WARN_NON_LITERAL_NULL_CONVERSION = YES;
				CLANG_WARN_OBJC_IMPLICIT_RETAIN_SELF = YES;
				CLANG_WARN_OBJC_LITERAL_CONVERSION = YES;
				CLANG_WARN_OBJC_ROOT_CLASS = YES_ERROR;
				CLANG_WARN_QUOTED_INCLUDE_IN_FRAMEWORK_HEADER = YES;
				CLANG_WARN_RANGE_LOOP_ANALYSIS = YES;
				CLANG_WARN_STRICT_PROTOTYPES = YES;
				CLANG_WARN_SUSPICIOUS_MOVE = YES;
				CLANG_WARN_UNGUARDED_AVAILABILITY = YES_AGGRESSIVE;
				CLANG_WARN_UNREACHABLE_CODE = YES;
				CLANG_WARN__DUPLICATE_METHOD_MATCH = YES;
				COPY_PHASE_STRIP = NO;
				DEBUG_INFORMATION_FORMAT = "dwarf-with-dsym";
				ENABLE_NS_ASSERTIONS = NO;
				ENABLE_STRICT_OBJC_MSGSEND = YES;
				ENABLE_USER_SCRIPT_SANDBOXING = YES;
				GCC_C_LANGUAGE_STANDARD = gnu17;
				GCC_NO_COMMON_BLOCKS = YES;
				GCC_WARN_64_TO_32_BIT_CONVERSION = YES;
				GCC_WARN_ABOUT_RETURN_TYPE = YES_ERROR;
				GCC_WARN_UNDECLARED_SELECTOR = YES;
				GCC_WARN_UNINITIALIZED_AUTOS = YES_AGGRESSIVE;
				GCC_WARN_UNUSED_FUNCTION = YES;
				GCC_WARN_UNUSED_VARIABLE = YES;
				LOCALIZATION_PREFERS_STRING_CATALOGS = YES;
				MACOSX_DEPLOYMENT_TARGET = 14.5;
				MTL_ENABLE_DEBUG_INFO = NO;
				MTL_FAST_MATH = YES;
				SDKROOT = macosx;
				SWIFT_COMPILATION_MODE = wholemodule;
			};
			name = Release;
		};
		DCFB3CE02C383925008B4F54 /* Debug */ = {
			isa = XCBuildConfiguration;
			buildSettings = {
				ASSETCATALOG_COMPILER_APPICON_NAME = AppIcon;
				ASSETCATALOG_COMPILER_GLOBAL_ACCENT_COLOR_NAME = AccentColor;
				CODE_SIGN_ENTITLEMENTS = ImageFilter/ImageFilter.entitlements;
				CODE_SIGN_STYLE = Automatic;
				COMBINE_HIDPI_IMAGES = YES;
				CURRENT_PROJECT_VERSION = 1;
				DEVELOPMENT_ASSET_PATHS = "\"ImageFilter/Preview Content\"";
				DEVELOPMENT_TEAM = Q2N4A2LNJ8;
				ENABLE_HARDENED_RUNTIME = YES;
				ENABLE_PREVIEWS = YES;
				GENERATE_INFOPLIST_FILE = YES;
				INFOPLIST_KEY_NSHumanReadableCopyright = "";
				LD_RUNPATH_SEARCH_PATHS = (
					"$(inherited)",
					"@executable_path/../Frameworks",
				);
				MARKETING_VERSION = 1.0;
				PRODUCT_BUNDLE_IDENTIFIER = com.huiping192.ImageFilter;
				PRODUCT_NAME = "$(TARGET_NAME)";
				SWIFT_EMIT_LOC_STRINGS = YES;
				SWIFT_VERSION = 5.0;
			};
			name = Debug;
		};
		DCFB3CE12C383925008B4F54 /* Release */ = {
			isa = XCBuildConfiguration;
			buildSettings = {
				ASSETCATALOG_COMPILER_APPICON_NAME = AppIcon;
				ASSETCATALOG_COMPILER_GLOBAL_ACCENT_COLOR_NAME = AccentColor;
				CODE_SIGN_ENTITLEMENTS = ImageFilter/ImageFilter.entitlements;
				CODE_SIGN_STYLE = Automatic;
				COMBINE_HIDPI_IMAGES = YES;
				CURRENT_PROJECT_VERSION = 1;
				DEVELOPMENT_ASSET_PATHS = "\"ImageFilter/Preview Content\"";
				DEVELOPMENT_TEAM = Q2N4A2LNJ8;
				ENABLE_HARDENED_RUNTIME = YES;
				ENABLE_PREVIEWS = YES;
				GENERATE_INFOPLIST_FILE = YES;
				INFOPLIST_KEY_NSHumanReadableCopyright = "";
				LD_RUNPATH_SEARCH_PATHS = (
					"$(inherited)",
					"@executable_path/../Frameworks",
				);
				MARKETING_VERSION = 1.0;
				PRODUCT_BUNDLE_IDENTIFIER = com.huiping192.ImageFilter;
				PRODUCT_NAME = "$(TARGET_NAME)";
				SWIFT_EMIT_LOC_STRINGS = YES;
				SWIFT_VERSION = 5.0;
			};
			name = Release;
		};
/* End XCBuildConfiguration section */

/* Begin XCConfigurationList section */
		DCFB3CCB2C383924008B4F54 /* Build configuration list for PBXProject "ImageFilter" */ = {
			isa = XCConfigurationList;
			buildConfigurations = (
				DCFB3CDD2C383925008B4F54 /* Debug */,
				DCFB3CDE2C383925008B4F54 /* Release */,
			);
			defaultConfigurationIsVisible = 0;
			defaultConfigurationName = Release;
		};
		DCFB3CDF2C383925008B4F54 /* Build configuration list for PBXNativeTarget "ImageFilter" */ = {
			isa = XCConfigurationList;
			buildConfigurations = (
				DCFB3CE02C383925008B4F54 /* Debug */,
				DCFB3CE12C383925008B4F54 /* Release */,
			);
			defaultConfigurationIsVisible = 0;
			defaultConfigurationName = Release;
		};
/* End XCConfigurationList section */
	};
	rootObject = DCFB3CC82C383924008B4F54 /* Project object */;
}
